// !$*UTF8*$!
{
	archiveVersion = 1;
	classes = {
	};
	objectVersion = 46;
	objects = {

/* Begin PBXBuildFile section */
		86A4B02C061A844219EAF8AF /* Pods_BabyPuzzle.framework in Frameworks */ = {isa = PBXBuildFile; fileRef = 53A84564B1EF296DAD1EA84F /* Pods_BabyPuzzle.framework */; };
		B12763901D4C832B006291D8 /* background.mp3 in Resources */ = {isa = PBXBuildFile; fileRef = B127638F1D4C832B006291D8 /* background.mp3 */; };
		B12763941D4C833D006291D8 /* applause.mp3 in Resources */ = {isa = PBXBuildFile; fileRef = B12763911D4C833D006291D8 /* applause.mp3 */; };
		B12763951D4C833D006291D8 /* expand.mp3 in Resources */ = {isa = PBXBuildFile; fileRef = B12763921D4C833D006291D8 /* expand.mp3 */; };
		B12763961D4C833D006291D8 /* success.mp3 in Resources */ = {isa = PBXBuildFile; fileRef = B12763931D4C833D006291D8 /* success.mp3 */; };
		B12763981D4C8824006291D8 /* fit.mp3 in Resources */ = {isa = PBXBuildFile; fileRef = B12763971D4C8824006291D8 /* fit.mp3 */; };
		B127639A1D4C889E006291D8 /* shrink.mp3 in Resources */ = {isa = PBXBuildFile; fileRef = B12763991D4C889E006291D8 /* shrink.mp3 */; };
		B127639C1D4C9CEB006291D8 /* AssetModel.swift in Sources */ = {isa = PBXBuildFile; fileRef = B127639B1D4C9CEB006291D8 /* AssetModel.swift */; };
		B12763A41D4CC0F2006291D8 /* BabyPuzzleUITests.swift in Sources */ = {isa = PBXBuildFile; fileRef = B12763A31D4CC0F2006291D8 /* BabyPuzzleUITests.swift */; };
		B12763AC1D4CC175006291D8 /* SnapshotHelper.swift in Sources */ = {isa = PBXBuildFile; fileRef = B12763AB1D4CC175006291D8 /* SnapshotHelper.swift */; };
		B1520A0E1D4A2C9900F04C9B /* ImageModel.swift in Sources */ = {isa = PBXBuildFile; fileRef = B1520A0D1D4A2C9900F04C9B /* ImageModel.swift */; };
		B15C234D1D49E04200C90417 /* AudioModel.swift in Sources */ = {isa = PBXBuildFile; fileRef = B15C234C1D49E04200C90417 /* AudioModel.swift */; };
		B18372491D4B6521003ED35A /* GoogleService-Info.plist in Resources */ = {isa = PBXBuildFile; fileRef = B18372481D4B6521003ED35A /* GoogleService-Info.plist */; };
		B183724B1D4B69C7003ED35A /* GoogleServiceModel.swift in Sources */ = {isa = PBXBuildFile; fileRef = B183724A1D4B69C7003ED35A /* GoogleServiceModel.swift */; };
		B1934CEF1D2ABA7B00CDCEFC /* AppDelegate.swift in Sources */ = {isa = PBXBuildFile; fileRef = B1934CEE1D2ABA7B00CDCEFC /* AppDelegate.swift */; };
		B1934CF11D2ABA7B00CDCEFC /* ViewController.swift in Sources */ = {isa = PBXBuildFile; fileRef = B1934CF01D2ABA7B00CDCEFC /* ViewController.swift */; };
		B1934CF41D2ABA7B00CDCEFC /* Main.storyboard in Resources */ = {isa = PBXBuildFile; fileRef = B1934CF21D2ABA7B00CDCEFC /* Main.storyboard */; };
		B1934CF61D2ABA7B00CDCEFC /* Assets.xcassets in Resources */ = {isa = PBXBuildFile; fileRef = B1934CF51D2ABA7B00CDCEFC /* Assets.xcassets */; };
		B1934CF91D2ABA7B00CDCEFC /* LaunchScreen.storyboard in Resources */ = {isa = PBXBuildFile; fileRef = B1934CF71D2ABA7B00CDCEFC /* LaunchScreen.storyboard */; };
		B1E4BF681D3E26D3002B54FA /* GameStatsModel.swift in Sources */ = {isa = PBXBuildFile; fileRef = B1E4BF671D3E26D3002B54FA /* GameStatsModel.swift */; };
		B1E4BF6A1D3E27FF002B54FA /* BaseModel.swift in Sources */ = {isa = PBXBuildFile; fileRef = B1E4BF691D3E27FF002B54FA /* BaseModel.swift */; };
		B1F382CE1D2F8B0D000DB578 /* PuzzlePiece.swift in Sources */ = {isa = PBXBuildFile; fileRef = B1F382CD1D2F8B0D000DB578 /* PuzzlePiece.swift */; };
		C16D7B8A35B185BB80A20CF2 /* Pods_Baby_Puzzle.framework in Frameworks */ = {isa = PBXBuildFile; fileRef = 9160F0D54F6C84177A6547D1 /* Pods_Baby_Puzzle.framework */; };
/* End PBXBuildFile section */

/* Begin PBXContainerItemProxy section */
		B12763A61D4CC0F2006291D8 /* PBXContainerItemProxy */ = {
			isa = PBXContainerItemProxy;
			containerPortal = B1934CE31D2ABA7B00CDCEFC /* Project object */;
			proxyType = 1;
			remoteGlobalIDString = B1934CEA1D2ABA7B00CDCEFC;
			remoteInfo = BabyPuzzle;
		};
/* End PBXContainerItemProxy section */

/* Begin PBXFileReference section */
		00B42B4E2B097C7BF3C345DB /* Pods-BabyPuzzle.release.xcconfig */ = {isa = PBXFileReference; includeInIndex = 1; lastKnownFileType = text.xcconfig; name = "Pods-BabyPuzzle.release.xcconfig"; path = "Pods/Target Support Files/Pods-BabyPuzzle/Pods-BabyPuzzle.release.xcconfig"; sourceTree = "<group>"; };
		21EA22E44D67D2B67DC70DB6 /* Pods-Baby Puzzle.release.xcconfig */ = {isa = PBXFileReference; includeInIndex = 1; lastKnownFileType = text.xcconfig; name = "Pods-Baby Puzzle.release.xcconfig"; path = "Pods/Target Support Files/Pods-Baby Puzzle/Pods-Baby Puzzle.release.xcconfig"; sourceTree = "<group>"; };
		232FD1F3AAD370109749460B /* Pods-Baby Puzzle.debug.xcconfig */ = {isa = PBXFileReference; includeInIndex = 1; lastKnownFileType = text.xcconfig; name = "Pods-Baby Puzzle.debug.xcconfig"; path = "Pods/Target Support Files/Pods-Baby Puzzle/Pods-Baby Puzzle.debug.xcconfig"; sourceTree = "<group>"; };
		53A84564B1EF296DAD1EA84F /* Pods_BabyPuzzle.framework */ = {isa = PBXFileReference; explicitFileType = wrapper.framework; includeInIndex = 0; path = Pods_BabyPuzzle.framework; sourceTree = BUILT_PRODUCTS_DIR; };
		629087C960996745E5D46979 /* Pods-BabyPuzzle.debug.xcconfig */ = {isa = PBXFileReference; includeInIndex = 1; lastKnownFileType = text.xcconfig; name = "Pods-BabyPuzzle.debug.xcconfig"; path = "Pods/Target Support Files/Pods-BabyPuzzle/Pods-BabyPuzzle.debug.xcconfig"; sourceTree = "<group>"; };
		9160F0D54F6C84177A6547D1 /* Pods_Baby_Puzzle.framework */ = {isa = PBXFileReference; explicitFileType = wrapper.framework; includeInIndex = 0; path = Pods_Baby_Puzzle.framework; sourceTree = BUILT_PRODUCTS_DIR; };
		B127638F1D4C832B006291D8 /* background.mp3 */ = {isa = PBXFileReference; lastKnownFileType = audio.mp3; path = background.mp3; sourceTree = "<group>"; };
		B12763911D4C833D006291D8 /* applause.mp3 */ = {isa = PBXFileReference; lastKnownFileType = audio.mp3; path = applause.mp3; sourceTree = "<group>"; };
		B12763921D4C833D006291D8 /* expand.mp3 */ = {isa = PBXFileReference; lastKnownFileType = audio.mp3; path = expand.mp3; sourceTree = "<group>"; };
		B12763931D4C833D006291D8 /* success.mp3 */ = {isa = PBXFileReference; lastKnownFileType = audio.mp3; path = success.mp3; sourceTree = "<group>"; };
		B12763971D4C8824006291D8 /* fit.mp3 */ = {isa = PBXFileReference; lastKnownFileType = audio.mp3; path = fit.mp3; sourceTree = "<group>"; };
		B12763991D4C889E006291D8 /* shrink.mp3 */ = {isa = PBXFileReference; lastKnownFileType = audio.mp3; path = shrink.mp3; sourceTree = "<group>"; };
		B127639B1D4C9CEB006291D8 /* AssetModel.swift */ = {isa = PBXFileReference; fileEncoding = 4; lastKnownFileType = sourcecode.swift; path = AssetModel.swift; sourceTree = "<group>"; };
		B12763A11D4CC0F1006291D8 /* Baby Puzzle.xctest */ = {isa = PBXFileReference; explicitFileType = wrapper.cfbundle; includeInIndex = 0; path = "Baby Puzzle.xctest"; sourceTree = BUILT_PRODUCTS_DIR; };
		B12763A31D4CC0F2006291D8 /* BabyPuzzleUITests.swift */ = {isa = PBXFileReference; lastKnownFileType = sourcecode.swift; path = BabyPuzzleUITests.swift; sourceTree = "<group>"; };
		B12763A51D4CC0F2006291D8 /* Info.plist */ = {isa = PBXFileReference; lastKnownFileType = text.plist.xml; path = Info.plist; sourceTree = "<group>"; };
		B12763AB1D4CC175006291D8 /* SnapshotHelper.swift */ = {isa = PBXFileReference; fileEncoding = 4; lastKnownFileType = sourcecode.swift; name = SnapshotHelper.swift; path = fastlane/SnapshotHelper.swift; sourceTree = SOURCE_ROOT; };
		B142907F1D4EA33D007A400B /* Baby Puzzle.entitlements */ = {isa = PBXFileReference; lastKnownFileType = text.xml; path = "Baby Puzzle.entitlements"; sourceTree = "<group>"; };
		B1520A0D1D4A2C9900F04C9B /* ImageModel.swift */ = {isa = PBXFileReference; fileEncoding = 4; lastKnownFileType = sourcecode.swift; path = ImageModel.swift; sourceTree = "<group>"; };
		B15C234C1D49E04200C90417 /* AudioModel.swift */ = {isa = PBXFileReference; fileEncoding = 4; lastKnownFileType = sourcecode.swift; path = AudioModel.swift; sourceTree = "<group>"; };
		B18372481D4B6521003ED35A /* GoogleService-Info.plist */ = {isa = PBXFileReference; fileEncoding = 4; lastKnownFileType = text.plist.xml; path = "GoogleService-Info.plist"; sourceTree = "<group>"; };
		B183724A1D4B69C7003ED35A /* GoogleServiceModel.swift */ = {isa = PBXFileReference; fileEncoding = 4; lastKnownFileType = sourcecode.swift; path = GoogleServiceModel.swift; sourceTree = "<group>"; };
		B183724C1D4B6E3C003ED35A /* BabyPuzzle-Bridging-Header.h */ = {isa = PBXFileReference; lastKnownFileType = sourcecode.c.h; path = "BabyPuzzle-Bridging-Header.h"; sourceTree = "<group>"; };
		B1934CEB1D2ABA7B00CDCEFC /* Baby Puzzle.app */ = {isa = PBXFileReference; explicitFileType = wrapper.application; includeInIndex = 0; path = "Baby Puzzle.app"; sourceTree = BUILT_PRODUCTS_DIR; };
		B1934CEE1D2ABA7B00CDCEFC /* AppDelegate.swift */ = {isa = PBXFileReference; lastKnownFileType = sourcecode.swift; path = AppDelegate.swift; sourceTree = "<group>"; };
		B1934CF01D2ABA7B00CDCEFC /* ViewController.swift */ = {isa = PBXFileReference; lastKnownFileType = sourcecode.swift; path = ViewController.swift; sourceTree = "<group>"; };
		B1934CF31D2ABA7B00CDCEFC /* Base */ = {isa = PBXFileReference; lastKnownFileType = file.storyboard; name = Base; path = Base.lproj/Main.storyboard; sourceTree = "<group>"; };
		B1934CF51D2ABA7B00CDCEFC /* Assets.xcassets */ = {isa = PBXFileReference; lastKnownFileType = folder.assetcatalog; path = Assets.xcassets; sourceTree = "<group>"; };
		B1934CF81D2ABA7B00CDCEFC /* Base */ = {isa = PBXFileReference; lastKnownFileType = file.storyboard; name = Base; path = Base.lproj/LaunchScreen.storyboard; sourceTree = "<group>"; };
		B1934CFA1D2ABA7B00CDCEFC /* Info.plist */ = {isa = PBXFileReference; lastKnownFileType = text.plist.xml; path = Info.plist; sourceTree = "<group>"; };
		B1E4BF671D3E26D3002B54FA /* GameStatsModel.swift */ = {isa = PBXFileReference; fileEncoding = 4; lastKnownFileType = sourcecode.swift; path = GameStatsModel.swift; sourceTree = "<group>"; };
		B1E4BF691D3E27FF002B54FA /* BaseModel.swift */ = {isa = PBXFileReference; fileEncoding = 4; lastKnownFileType = sourcecode.swift; path = BaseModel.swift; sourceTree = "<group>"; };
		B1F382CD1D2F8B0D000DB578 /* PuzzlePiece.swift */ = {isa = PBXFileReference; fileEncoding = 4; lastKnownFileType = sourcecode.swift; path = PuzzlePiece.swift; sourceTree = "<group>"; };
/* End PBXFileReference section */

/* Begin PBXFrameworksBuildPhase section */
		B127639E1D4CC0F1006291D8 /* Frameworks */ = {
			isa = PBXFrameworksBuildPhase;
			buildActionMask = 2147483647;
			files = (
			);
			runOnlyForDeploymentPostprocessing = 0;
		};
		B1934CE81D2ABA7B00CDCEFC /* Frameworks */ = {
			isa = PBXFrameworksBuildPhase;
			buildActionMask = 2147483647;
			files = (
				86A4B02C061A844219EAF8AF /* Pods_BabyPuzzle.framework in Frameworks */,
				C16D7B8A35B185BB80A20CF2 /* Pods_Baby_Puzzle.framework in Frameworks */,
			);
			runOnlyForDeploymentPostprocessing = 0;
		};
/* End PBXFrameworksBuildPhase section */

/* Begin PBXGroup section */
		0BEFE0F3771D1D282AB51069 /* Pods */ = {
			isa = PBXGroup;
			children = (
				629087C960996745E5D46979 /* Pods-BabyPuzzle.debug.xcconfig */,
				00B42B4E2B097C7BF3C345DB /* Pods-BabyPuzzle.release.xcconfig */,
				232FD1F3AAD370109749460B /* Pods-Baby Puzzle.debug.xcconfig */,
				21EA22E44D67D2B67DC70DB6 /* Pods-Baby Puzzle.release.xcconfig */,
			);
			name = Pods;
			sourceTree = "<group>";
		};
		B12763A21D4CC0F2006291D8 /* BabyPuzzleUITests */ = {
			isa = PBXGroup;
			children = (
				B12763A31D4CC0F2006291D8 /* BabyPuzzleUITests.swift */,
				B12763AB1D4CC175006291D8 /* SnapshotHelper.swift */,
				B12763A51D4CC0F2006291D8 /* Info.plist */,
			);
			path = BabyPuzzleUITests;
			sourceTree = "<group>";
		};
		B15C234E1D49E56A00C90417 /* Sound */ = {
			isa = PBXGroup;
			children = (
				B12763991D4C889E006291D8 /* shrink.mp3 */,
				B12763971D4C8824006291D8 /* fit.mp3 */,
				B12763911D4C833D006291D8 /* applause.mp3 */,
				B127638F1D4C832B006291D8 /* background.mp3 */,
				B12763921D4C833D006291D8 /* expand.mp3 */,
				B12763931D4C833D006291D8 /* success.mp3 */,
			);
			name = Sound;
			sourceTree = "<group>";
		};
		B1934CE21D2ABA7B00CDCEFC = {
			isa = PBXGroup;
			children = (
				B142907F1D4EA33D007A400B /* Baby Puzzle.entitlements */,
				B1934CED1D2ABA7B00CDCEFC /* BabyPuzzle */,
				B12763A21D4CC0F2006291D8 /* BabyPuzzleUITests */,
				B1934CEC1D2ABA7B00CDCEFC /* Products */,
				0BEFE0F3771D1D282AB51069 /* Pods */,
				C8CF996C7D55A7DD88FDCC3A /* Frameworks */,
			);
			sourceTree = "<group>";
		};
		B1934CEC1D2ABA7B00CDCEFC /* Products */ = {
			isa = PBXGroup;
			children = (
				B1934CEB1D2ABA7B00CDCEFC /* Baby Puzzle.app */,
				B12763A11D4CC0F1006291D8 /* Baby Puzzle.xctest */,
			);
			name = Products;
			sourceTree = "<group>";
		};
		B1934CED1D2ABA7B00CDCEFC /* BabyPuzzle */ = {
			isa = PBXGroup;
			children = (
				B1E4BF661D3E26BC002B54FA /* Model */,
				B1934D001D2ABC2A00CDCEFC /* App */,
				B1934D011D2ABC4500CDCEFC /* View */,
				B1934D031D2ABC6000CDCEFC /* Controller */,
				B1934CFA1D2ABA7B00CDCEFC /* Info.plist */,
				B18372481D4B6521003ED35A /* GoogleService-Info.plist */,
			);
			path = BabyPuzzle;
			sourceTree = "<group>";
		};
		B1934D001D2ABC2A00CDCEFC /* App */ = {
			isa = PBXGroup;
			children = (
				B15C234E1D49E56A00C90417 /* Sound */,
				B1934CF71D2ABA7B00CDCEFC /* LaunchScreen.storyboard */,
				B1934CF51D2ABA7B00CDCEFC /* Assets.xcassets */,
				B1934CEE1D2ABA7B00CDCEFC /* AppDelegate.swift */,
				B183724C1D4B6E3C003ED35A /* BabyPuzzle-Bridging-Header.h */,
			);
			name = App;
			sourceTree = "<group>";
		};
		B1934D011D2ABC4500CDCEFC /* View */ = {
			isa = PBXGroup;
			children = (
				B1934D021D2ABC4B00CDCEFC /* Storyboard */,
				B1F382CD1D2F8B0D000DB578 /* PuzzlePiece.swift */,
			);
			name = View;
			sourceTree = "<group>";
		};
		B1934D021D2ABC4B00CDCEFC /* Storyboard */ = {
			isa = PBXGroup;
			children = (
				B1934CF21D2ABA7B00CDCEFC /* Main.storyboard */,
			);
			name = Storyboard;
			sourceTree = "<group>";
		};
		B1934D031D2ABC6000CDCEFC /* Controller */ = {
			isa = PBXGroup;
			children = (
				B1934CF01D2ABA7B00CDCEFC /* ViewController.swift */,
			);
			name = Controller;
			sourceTree = "<group>";
		};
		B1E4BF661D3E26BC002B54FA /* Model */ = {
			isa = PBXGroup;
			children = (
				B1E4BF671D3E26D3002B54FA /* GameStatsModel.swift */,
				B1E4BF691D3E27FF002B54FA /* BaseModel.swift */,
				B15C234C1D49E04200C90417 /* AudioModel.swift */,
				B1520A0D1D4A2C9900F04C9B /* ImageModel.swift */,
				B183724A1D4B69C7003ED35A /* GoogleServiceModel.swift */,
				B127639B1D4C9CEB006291D8 /* AssetModel.swift */,
			);
			name = Model;
			sourceTree = "<group>";
		};
		C8CF996C7D55A7DD88FDCC3A /* Frameworks */ = {
			isa = PBXGroup;
			children = (
				53A84564B1EF296DAD1EA84F /* Pods_BabyPuzzle.framework */,
				9160F0D54F6C84177A6547D1 /* Pods_Baby_Puzzle.framework */,
			);
			name = Frameworks;
			sourceTree = "<group>";
		};
/* End PBXGroup section */

/* Begin PBXNativeTarget section */
		B12763A01D4CC0F1006291D8 /* Baby PuzzleUITests */ = {
			isa = PBXNativeTarget;
			buildConfigurationList = B12763AA1D4CC0F2006291D8 /* Build configuration list for PBXNativeTarget "Baby PuzzleUITests" */;
			buildPhases = (
				B127639D1D4CC0F1006291D8 /* Sources */,
				B127639E1D4CC0F1006291D8 /* Frameworks */,
				B127639F1D4CC0F1006291D8 /* Resources */,
			);
			buildRules = (
			);
			dependencies = (
				B12763A71D4CC0F2006291D8 /* PBXTargetDependency */,
			);
			name = "Baby PuzzleUITests";
			productName = BabyPuzzleUITests;
			productReference = B12763A11D4CC0F1006291D8 /* Baby Puzzle.xctest */;
			productType = "com.apple.product-type.bundle.ui-testing";
		};
		B1934CEA1D2ABA7B00CDCEFC /* Baby Puzzle */ = {
			isa = PBXNativeTarget;
			buildConfigurationList = B1934CFD1D2ABA7B00CDCEFC /* Build configuration list for PBXNativeTarget "Baby Puzzle" */;
			buildPhases = (
				49EA2242FCA54606CBD55A52 /* 📦 Check Pods Manifest.lock */,
				B1934CE71D2ABA7B00CDCEFC /* Sources */,
				B1934CE81D2ABA7B00CDCEFC /* Frameworks */,
				B1934CE91D2ABA7B00CDCEFC /* Resources */,
				B812203EE4E729E2471B83C2 /* 📦 Embed Pods Frameworks */,
				283E980B1FF9EF3575D57E03 /* 📦 Copy Pods Resources */,
			);
			buildRules = (
			);
			dependencies = (
			);
			name = "Baby Puzzle";
			productName = BabyPuzzle;
			productReference = B1934CEB1D2ABA7B00CDCEFC /* Baby Puzzle.app */;
			productType = "com.apple.product-type.application";
		};
/* End PBXNativeTarget section */

/* Begin PBXProject section */
		B1934CE31D2ABA7B00CDCEFC /* Project object */ = {
			isa = PBXProject;
			attributes = {
				LastSwiftUpdateCheck = 0730;
				LastUpgradeCheck = 0730;
				ORGANIZATIONNAME = "Okan Kurtulus";
				TargetAttributes = {
					B12763A01D4CC0F1006291D8 = {
						CreatedOnToolsVersion = 7.3.1;
						TestTargetID = B1934CEA1D2ABA7B00CDCEFC;
					};
					B1934CEA1D2ABA7B00CDCEFC = {
						CreatedOnToolsVersion = 7.3.1;
						DevelopmentTeam = 8V9FEAB5WD;
						SystemCapabilities = {
							com.apple.Push = {
								enabled = 1;
							};
							com.apple.SafariKeychain = {
								enabled = 1;
							};
						};
					};
				};
			};
			buildConfigurationList = B1934CE61D2ABA7B00CDCEFC /* Build configuration list for PBXProject "Baby Puzzle" */;
			compatibilityVersion = "Xcode 3.2";
			developmentRegion = English;
			hasScannedForEncodings = 0;
			knownRegions = (
				en,
				Base,
			);
			mainGroup = B1934CE21D2ABA7B00CDCEFC;
			productRefGroup = B1934CEC1D2ABA7B00CDCEFC /* Products */;
			projectDirPath = "";
			projectRoot = "";
			targets = (
				B1934CEA1D2ABA7B00CDCEFC /* Baby Puzzle */,
				B12763A01D4CC0F1006291D8 /* Baby PuzzleUITests */,
			);
		};
/* End PBXProject section */

/* Begin PBXResourcesBuildPhase section */
		B127639F1D4CC0F1006291D8 /* Resources */ = {
			isa = PBXResourcesBuildPhase;
			buildActionMask = 2147483647;
			files = (
			);
			runOnlyForDeploymentPostprocessing = 0;
		};
		B1934CE91D2ABA7B00CDCEFC /* Resources */ = {
			isa = PBXResourcesBuildPhase;
			buildActionMask = 2147483647;
			files = (
				B12763941D4C833D006291D8 /* applause.mp3 in Resources */,
				B1934CF91D2ABA7B00CDCEFC /* LaunchScreen.storyboard in Resources */,
				B127639A1D4C889E006291D8 /* shrink.mp3 in Resources */,
				B12763961D4C833D006291D8 /* success.mp3 in Resources */,
				B12763901D4C832B006291D8 /* background.mp3 in Resources */,
				B12763951D4C833D006291D8 /* expand.mp3 in Resources */,
				B1934CF61D2ABA7B00CDCEFC /* Assets.xcassets in Resources */,
				B12763981D4C8824006291D8 /* fit.mp3 in Resources */,
				B1934CF41D2ABA7B00CDCEFC /* Main.storyboard in Resources */,
				B18372491D4B6521003ED35A /* GoogleService-Info.plist in Resources */,
			);
			runOnlyForDeploymentPostprocessing = 0;
		};
/* End PBXResourcesBuildPhase section */

/* Begin PBXShellScriptBuildPhase section */
		283E980B1FF9EF3575D57E03 /* 📦 Copy Pods Resources */ = {
			isa = PBXShellScriptBuildPhase;
			buildActionMask = 2147483647;
			files = (
			);
			inputPaths = (
			);
			name = "📦 Copy Pods Resources";
			outputPaths = (
			);
			runOnlyForDeploymentPostprocessing = 0;
			shellPath = /bin/sh;
			shellScript = "\"${SRCROOT}/Pods/Target Support Files/Pods-Baby Puzzle/Pods-Baby Puzzle-resources.sh\"\n";
			showEnvVarsInLog = 0;
		};
		49EA2242FCA54606CBD55A52 /* 📦 Check Pods Manifest.lock */ = {
			isa = PBXShellScriptBuildPhase;
			buildActionMask = 2147483647;
			files = (
			);
			inputPaths = (
			);
			name = "📦 Check Pods Manifest.lock";
			outputPaths = (
			);
			runOnlyForDeploymentPostprocessing = 0;
			shellPath = /bin/sh;
			shellScript = "diff \"${PODS_ROOT}/../Podfile.lock\" \"${PODS_ROOT}/Manifest.lock\" > /dev/null\nif [[ $? != 0 ]] ; then\n    cat << EOM\nerror: The sandbox is not in sync with the Podfile.lock. Run 'pod install' or update your CocoaPods installation.\nEOM\n    exit 1\nfi\n";
			showEnvVarsInLog = 0;
		};
		B812203EE4E729E2471B83C2 /* 📦 Embed Pods Frameworks */ = {
			isa = PBXShellScriptBuildPhase;
			buildActionMask = 2147483647;
			files = (
			);
			inputPaths = (
			);
			name = "📦 Embed Pods Frameworks";
			outputPaths = (
			);
			runOnlyForDeploymentPostprocessing = 0;
			shellPath = /bin/sh;
			shellScript = "\"${SRCROOT}/Pods/Target Support Files/Pods-Baby Puzzle/Pods-Baby Puzzle-frameworks.sh\"\n";
			showEnvVarsInLog = 0;
		};
/* End PBXShellScriptBuildPhase section */

/* Begin PBXSourcesBuildPhase section */
		B127639D1D4CC0F1006291D8 /* Sources */ = {
			isa = PBXSourcesBuildPhase;
			buildActionMask = 2147483647;
			files = (
				B12763A41D4CC0F2006291D8 /* BabyPuzzleUITests.swift in Sources */,
				B12763AC1D4CC175006291D8 /* SnapshotHelper.swift in Sources */,
			);
			runOnlyForDeploymentPostprocessing = 0;
		};
		B1934CE71D2ABA7B00CDCEFC /* Sources */ = {
			isa = PBXSourcesBuildPhase;
			buildActionMask = 2147483647;
			files = (
				B1934CF11D2ABA7B00CDCEFC /* ViewController.swift in Sources */,
				B1E4BF681D3E26D3002B54FA /* GameStatsModel.swift in Sources */,
				B183724B1D4B69C7003ED35A /* GoogleServiceModel.swift in Sources */,
				B15C234D1D49E04200C90417 /* AudioModel.swift in Sources */,
				B1934CEF1D2ABA7B00CDCEFC /* AppDelegate.swift in Sources */,
				B127639C1D4C9CEB006291D8 /* AssetModel.swift in Sources */,
				B1F382CE1D2F8B0D000DB578 /* PuzzlePiece.swift in Sources */,
				B1E4BF6A1D3E27FF002B54FA /* BaseModel.swift in Sources */,
				B1520A0E1D4A2C9900F04C9B /* ImageModel.swift in Sources */,
			);
			runOnlyForDeploymentPostprocessing = 0;
		};
/* End PBXSourcesBuildPhase section */

/* Begin PBXTargetDependency section */
		B12763A71D4CC0F2006291D8 /* PBXTargetDependency */ = {
			isa = PBXTargetDependency;
			target = B1934CEA1D2ABA7B00CDCEFC /* Baby Puzzle */;
			targetProxy = B12763A61D4CC0F2006291D8 /* PBXContainerItemProxy */;
		};
/* End PBXTargetDependency section */

/* Begin PBXVariantGroup section */
		B1934CF21D2ABA7B00CDCEFC /* Main.storyboard */ = {
			isa = PBXVariantGroup;
			children = (
				B1934CF31D2ABA7B00CDCEFC /* Base */,
			);
			name = Main.storyboard;
			sourceTree = "<group>";
		};
		B1934CF71D2ABA7B00CDCEFC /* LaunchScreen.storyboard */ = {
			isa = PBXVariantGroup;
			children = (
				B1934CF81D2ABA7B00CDCEFC /* Base */,
			);
			name = LaunchScreen.storyboard;
			sourceTree = "<group>";
		};
/* End PBXVariantGroup section */

/* Begin XCBuildConfiguration section */
		B12763A81D4CC0F2006291D8 /* Debug */ = {
			isa = XCBuildConfiguration;
			buildSettings = {
				INFOPLIST_FILE = BabyPuzzleUITests/Info.plist;
				LD_RUNPATH_SEARCH_PATHS = "$(inherited) @executable_path/Frameworks @loader_path/Frameworks";
				PRODUCT_BUNDLE_IDENTIFIER = okankurtulus.BabyPuzzleUITests;
				PRODUCT_NAME = "Baby Puzzle";
				TEST_TARGET_NAME = BabyPuzzle;
			};
			name = Debug;
		};
		B12763A91D4CC0F2006291D8 /* Release */ = {
			isa = XCBuildConfiguration;
			buildSettings = {
				INFOPLIST_FILE = BabyPuzzleUITests/Info.plist;
				LD_RUNPATH_SEARCH_PATHS = "$(inherited) @executable_path/Frameworks @loader_path/Frameworks";
				PRODUCT_BUNDLE_IDENTIFIER = okankurtulus.BabyPuzzleUITests;
				PRODUCT_NAME = "Baby Puzzle";
				TEST_TARGET_NAME = BabyPuzzle;
			};
			name = Release;
		};
		B1934CFB1D2ABA7B00CDCEFC /* Debug */ = {
			isa = XCBuildConfiguration;
			buildSettings = {
				ALWAYS_SEARCH_USER_PATHS = NO;
				CLANG_ANALYZER_NONNULL = YES;
				CLANG_CXX_LANGUAGE_STANDARD = "gnu++0x";
				CLANG_CXX_LIBRARY = "libc++";
				CLANG_ENABLE_MODULES = YES;
				CLANG_ENABLE_OBJC_ARC = YES;
				CLANG_WARN_BOOL_CONVERSION = YES;
				CLANG_WARN_CONSTANT_CONVERSION = YES;
				CLANG_WARN_DIRECT_OBJC_ISA_USAGE = YES_ERROR;
				CLANG_WARN_EMPTY_BODY = YES;
				CLANG_WARN_ENUM_CONVERSION = YES;
				CLANG_WARN_INT_CONVERSION = YES;
				CLANG_WARN_OBJC_ROOT_CLASS = YES_ERROR;
				CLANG_WARN_UNREACHABLE_CODE = YES;
				CLANG_WARN__DUPLICATE_METHOD_MATCH = YES;
				"CODE_SIGN_IDENTITY[sdk=iphoneos*]" = "iPhone Developer";
				COPY_PHASE_STRIP = NO;
				DEBUG_INFORMATION_FORMAT = dwarf;
				ENABLE_STRICT_OBJC_MSGSEND = YES;
				ENABLE_TESTABILITY = YES;
				GCC_C_LANGUAGE_STANDARD = gnu99;
				GCC_DYNAMIC_NO_PIC = NO;
				GCC_NO_COMMON_BLOCKS = YES;
				GCC_OPTIMIZATION_LEVEL = 0;
				GCC_PREPROCESSOR_DEFINITIONS = (
					"DEBUG=1",
					"$(inherited)",
				);
				GCC_WARN_64_TO_32_BIT_CONVERSION = YES;
				GCC_WARN_ABOUT_RETURN_TYPE = YES_ERROR;
				GCC_WARN_UNDECLARED_SELECTOR = YES;
				GCC_WARN_UNINITIALIZED_AUTOS = YES_AGGRESSIVE;
				GCC_WARN_UNUSED_FUNCTION = YES;
				GCC_WARN_UNUSED_VARIABLE = YES;
				IPHONEOS_DEPLOYMENT_TARGET = 8.0;
				MTL_ENABLE_DEBUG_INFO = YES;
				ONLY_ACTIVE_ARCH = YES;
				SDKROOT = iphoneos;
				SWIFT_OPTIMIZATION_LEVEL = "-Onone";
				TARGETED_DEVICE_FAMILY = "1,2";
			};
			name = Debug;
		};
		B1934CFC1D2ABA7B00CDCEFC /* Release */ = {
			isa = XCBuildConfiguration;
			buildSettings = {
				ALWAYS_SEARCH_USER_PATHS = NO;
				CLANG_ANALYZER_NONNULL = YES;
				CLANG_CXX_LANGUAGE_STANDARD = "gnu++0x";
				CLANG_CXX_LIBRARY = "libc++";
				CLANG_ENABLE_MODULES = YES;
				CLANG_ENABLE_OBJC_ARC = YES;
				CLANG_WARN_BOOL_CONVERSION = YES;
				CLANG_WARN_CONSTANT_CONVERSION = YES;
				CLANG_WARN_DIRECT_OBJC_ISA_USAGE = YES_ERROR;
				CLANG_WARN_EMPTY_BODY = YES;
				CLANG_WARN_ENUM_CONVERSION = YES;
				CLANG_WARN_INT_CONVERSION = YES;
				CLANG_WARN_OBJC_ROOT_CLASS = YES_ERROR;
				CLANG_WARN_UNREACHABLE_CODE = YES;
				CLANG_WARN__DUPLICATE_METHOD_MATCH = YES;
				"CODE_SIGN_IDENTITY[sdk=iphoneos*]" = "iPhone Distribution";
				COPY_PHASE_STRIP = NO;
				DEBUG_INFORMATION_FORMAT = "dwarf-with-dsym";
				ENABLE_NS_ASSERTIONS = NO;
				ENABLE_STRICT_OBJC_MSGSEND = YES;
				GCC_C_LANGUAGE_STANDARD = gnu99;
				GCC_NO_COMMON_BLOCKS = YES;
				GCC_WARN_64_TO_32_BIT_CONVERSION = YES;
				GCC_WARN_ABOUT_RETURN_TYPE = YES_ERROR;
				GCC_WARN_UNDECLARED_SELECTOR = YES;
				GCC_WARN_UNINITIALIZED_AUTOS = YES_AGGRESSIVE;
				GCC_WARN_UNUSED_FUNCTION = YES;
				GCC_WARN_UNUSED_VARIABLE = YES;
				IPHONEOS_DEPLOYMENT_TARGET = 8.0;
				MTL_ENABLE_DEBUG_INFO = NO;
				SDKROOT = iphoneos;
				TARGETED_DEVICE_FAMILY = "1,2";
				VALIDATE_PRODUCT = YES;
			};
			name = Release;
		};
		B1934CFE1D2ABA7B00CDCEFC /* Debug */ = {
			isa = XCBuildConfiguration;
			baseConfigurationReference = 232FD1F3AAD370109749460B /* Pods-Baby Puzzle.debug.xcconfig */;
			buildSettings = {
				ASSETCATALOG_COMPILER_APPICON_NAME = AppIcon;
				CLANG_ENABLE_MODULES = YES;
				CODE_SIGN_ENTITLEMENTS = "Baby Puzzle.entitlements";
				CODE_SIGN_IDENTITY = "iPhone Developer";
				"CODE_SIGN_IDENTITY[sdk=iphoneos*]" = "iPhone Developer";
				INFOPLIST_FILE = BabyPuzzle/Info.plist;
				LD_RUNPATH_SEARCH_PATHS = "$(inherited) @executable_path/Frameworks";
				OTHER_SWIFT_FLAGS = "\"-D\" \"COCOAPODS\" -DDEBUG";
				PRODUCT_BUNDLE_IDENTIFIER = com.okn.babypuzzle;
				PRODUCT_NAME = "Baby Puzzle";
				PROVISIONING_PROFILE = "";
				SWIFT_OBJC_BRIDGING_HEADER = "BabyPuzzle/BabyPuzzle-Bridging-Header.h";
				SWIFT_OPTIMIZATION_LEVEL = "-Onone";
			};
			name = Debug;
		};
		B1934CFF1D2ABA7B00CDCEFC /* Release */ = {
			isa = XCBuildConfiguration;
			baseConfigurationReference = 21EA22E44D67D2B67DC70DB6 /* Pods-Baby Puzzle.release.xcconfig */;
			buildSettings = {
				ASSETCATALOG_COMPILER_APPICON_NAME = AppIcon;
				CLANG_ENABLE_MODULES = YES;
				CODE_SIGN_ENTITLEMENTS = "Baby Puzzle.entitlements";
				CODE_SIGN_IDENTITY = "iPhone Distribution";
				"CODE_SIGN_IDENTITY[sdk=iphoneos*]" = "iPhone Distribution";
				INFOPLIST_FILE = BabyPuzzle/Info.plist;
				LD_RUNPATH_SEARCH_PATHS = "$(inherited) @executable_path/Frameworks";
				PRODUCT_BUNDLE_IDENTIFIER = com.okn.babypuzzle;
				PRODUCT_NAME = "Baby Puzzle";
				PROVISIONING_PROFILE = "1e2a1b4d-9558-4370-a8e9-0a7a74fb6fab";
				SWIFT_OBJC_BRIDGING_HEADER = "BabyPuzzle/BabyPuzzle-Bridging-Header.h";
			};
			name = Release;
		};
/* End XCBuildConfiguration section */

/* Begin XCConfigurationList section */
		B12763AA1D4CC0F2006291D8 /* Build configuration list for PBXNativeTarget "Baby PuzzleUITests" */ = {
			isa = XCConfigurationList;
			buildConfigurations = (
				B12763A81D4CC0F2006291D8 /* Debug */,
				B12763A91D4CC0F2006291D8 /* Release */,
			);
			defaultConfigurationIsVisible = 0;
			defaultConfigurationName = Release;
		};
		B1934CE61D2ABA7B00CDCEFC /* Build configuration list for PBXProject "Baby Puzzle" */ = {
			isa = XCConfigurationList;
			buildConfigurations = (
				B1934CFB1D2ABA7B00CDCEFC /* Debug */,
				B1934CFC1D2ABA7B00CDCEFC /* Release */,
			);
			defaultConfigurationIsVisible = 0;
			defaultConfigurationName = Release;
		};
		B1934CFD1D2ABA7B00CDCEFC /* Build configuration list for PBXNativeTarget "Baby Puzzle" */ = {
			isa = XCConfigurationList;
			buildConfigurations = (
				B1934CFE1D2ABA7B00CDCEFC /* Debug */,
				B1934CFF1D2ABA7B00CDCEFC /* Release */,
			);
			defaultConfigurationIsVisible = 0;
			defaultConfigurationName = Release;
		};
/* End XCConfigurationList section */
	};
	rootObject = B1934CE31D2ABA7B00CDCEFC /* Project object */;
}
